// !$*UTF8*$!
{
	archiveVersion = 1;
	classes = {
	};
	objectVersion = 46;
	objects = {

/* Begin PBXBuildFile section */
		7167C5FC1950198B00FD8F55 /* Foundation.framework in Frameworks */ = {isa = PBXBuildFile; fileRef = 7167C5FB1950198B00FD8F55 /* Foundation.framework */; };
		7167C5FE1950198B00FD8F55 /* CoreGraphics.framework in Frameworks */ = {isa = PBXBuildFile; fileRef = 7167C5FD1950198B00FD8F55 /* CoreGraphics.framework */; };
		7167C6001950198B00FD8F55 /* UIKit.framework in Frameworks */ = {isa = PBXBuildFile; fileRef = 7167C5FF1950198B00FD8F55 /* UIKit.framework */; };
		7167C6061950198B00FD8F55 /* InfoPlist.strings in Resources */ = {isa = PBXBuildFile; fileRef = 7167C6041950198B00FD8F55 /* InfoPlist.strings */; };
		7167C6081950198B00FD8F55 /* main.m in Sources */ = {isa = PBXBuildFile; fileRef = 7167C6071950198B00FD8F55 /* main.m */; };
		7167C60C1950198B00FD8F55 /* ATAppDelegate.m in Sources */ = {isa = PBXBuildFile; fileRef = 7167C60B1950198B00FD8F55 /* ATAppDelegate.m */; };
		7167C60F1950198B00FD8F55 /* Main.storyboard in Resources */ = {isa = PBXBuildFile; fileRef = 7167C60D1950198B00FD8F55 /* Main.storyboard */; };
		7167C6121950198B00FD8F55 /* ATViewController.m in Sources */ = {isa = PBXBuildFile; fileRef = 7167C6111950198B00FD8F55 /* ATViewController.m */; };
		7167C6141950198B00FD8F55 /* Images.xcassets in Resources */ = {isa = PBXBuildFile; fileRef = 7167C6131950198B00FD8F55 /* Images.xcassets */; };
		7167C61B1950198B00FD8F55 /* XCTest.framework in Frameworks */ = {isa = PBXBuildFile; fileRef = 7167C61A1950198B00FD8F55 /* XCTest.framework */; };
		7167C61C1950198B00FD8F55 /* Foundation.framework in Frameworks */ = {isa = PBXBuildFile; fileRef = 7167C5FB1950198B00FD8F55 /* Foundation.framework */; };
		7167C61D1950198B00FD8F55 /* UIKit.framework in Frameworks */ = {isa = PBXBuildFile; fileRef = 7167C5FF1950198B00FD8F55 /* UIKit.framework */; };
		7167C6251950198B00FD8F55 /* InfoPlist.strings in Resources */ = {isa = PBXBuildFile; fileRef = 7167C6231950198B00FD8F55 /* InfoPlist.strings */; };
		7167C6271950198B00FD8F55 /* AnimationTestTests.m in Sources */ = {isa = PBXBuildFile; fileRef = 7167C6261950198B00FD8F55 /* AnimationTestTests.m */; };
/* End PBXBuildFile section */

/* Begin PBXContainerItemProxy section */
		7167C61E1950198B00FD8F55 /* PBXContainerItemProxy */ = {
			isa = PBXContainerItemProxy;
			containerPortal = 7167C5F01950198B00FD8F55 /* Project object */;
			proxyType = 1;
			remoteGlobalIDString = 7167C5F71950198B00FD8F55;
			remoteInfo = AnimationTest;
		};
/* End PBXContainerItemProxy section */

/* Begin PBXFileReference section */
		7167C5F81950198B00FD8F55 /* AnimationTest.app */ = {isa = PBXFileReference; explicitFileType = wrapper.application; includeInIndex = 0; path = AnimationTest.app; sourceTree = BUILT_PRODUCTS_DIR; };
		7167C5FB1950198B00FD8F55 /* Foundation.framework */ = {isa = PBXFileReference; lastKnownFileType = wrapper.framework; name = Foundation.framework; path = System/Library/Frameworks/Foundation.framework; sourceTree = SDKROOT; };
		7167C5FD1950198B00FD8F55 /* CoreGraphics.framework */ = {isa = PBXFileReference; lastKnownFileType = wrapper.framework; name = CoreGraphics.framework; path = System/Library/Frameworks/CoreGraphics.framework; sourceTree = SDKROOT; };
		7167C5FF1950198B00FD8F55 /* UIKit.framework */ = {isa = PBXFileReference; lastKnownFileType = wrapper.framework; name = UIKit.framework; path = System/Library/Frameworks/UIKit.framework; sourceTree = SDKROOT; };
		7167C6031950198B00FD8F55 /* AnimationTest-Info.plist */ = {isa = PBXFileReference; lastKnownFileType = text.plist.xml; path = "AnimationTest-Info.plist"; sourceTree = "<group>"; };
		7167C6051950198B00FD8F55 /* en */ = {isa = PBXFileReference; lastKnownFileType = text.plist.strings; name = en; path = en.lproj/InfoPlist.strings; sourceTree = "<group>"; };
		7167C6071950198B00FD8F55 /* main.m */ = {isa = PBXFileReference; lastKnownFileType = sourcecode.c.objc; path = main.m; sourceTree = "<group>"; };
		7167C6091950198B00FD8F55 /* AnimationTest-Prefix.pch */ = {isa = PBXFileReference; lastKnownFileType = sourcecode.c.h; path = "AnimationTest-Prefix.pch"; sourceTree = "<group>"; };
		7167C60A1950198B00FD8F55 /* ATAppDelegate.h */ = {isa = PBXFileReference; lastKnownFileType = sourcecode.c.h; path = ATAppDelegate.h; sourceTree = "<group>"; };
		7167C60B1950198B00FD8F55 /* ATAppDelegate.m */ = {isa = PBXFileReference; lastKnownFileType = sourcecode.c.objc; path = ATAppDelegate.m; sourceTree = "<group>"; };
		7167C60E1950198B00FD8F55 /* Base */ = {isa = PBXFileReference; lastKnownFileType = file.storyboard; name = Base; path = Base.lproj/Main.storyboard; sourceTree = "<group>"; };
		7167C6101950198B00FD8F55 /* ATViewController.h */ = {isa = PBXFileReference; lastKnownFileType = sourcecode.c.h; path = ATViewController.h; sourceTree = "<group>"; };
		7167C6111950198B00FD8F55 /* ATViewController.m */ = {isa = PBXFileReference; lastKnownFileType = sourcecode.c.objc; path = ATViewController.m; sourceTree = "<group>"; };
		7167C6131950198B00FD8F55 /* Images.xcassets */ = {isa = PBXFileReference; lastKnownFileType = folder.assetcatalog; path = Images.xcassets; sourceTree = "<group>"; };
		7167C6191950198B00FD8F55 /* AnimationTestTests.xctest */ = {isa = PBXFileReference; explicitFileType = wrapper.cfbundle; includeInIndex = 0; path = AnimationTestTests.xctest; sourceTree = BUILT_PRODUCTS_DIR; };
		7167C61A1950198B00FD8F55 /* XCTest.framework */ = {isa = PBXFileReference; lastKnownFileType = wrapper.framework; name = XCTest.framework; path = Library/Frameworks/XCTest.framework; sourceTree = DEVELOPER_DIR; };
		7167C6221950198B00FD8F55 /* AnimationTestTests-Info.plist */ = {isa = PBXFileReference; lastKnownFileType = text.plist.xml; path = "AnimationTestTests-Info.plist"; sourceTree = "<group>"; };
		7167C6241950198B00FD8F55 /* en */ = {isa = PBXFileReference; lastKnownFileType = text.plist.strings; name = en; path = en.lproj/InfoPlist.strings; sourceTree = "<group>"; };
		7167C6261950198B00FD8F55 /* AnimationTestTests.m */ = {isa = PBXFileReference; lastKnownFileType = sourcecode.c.objc; path = AnimationTestTests.m; sourceTree = "<group>"; };
/* End PBXFileReference section */

/* Begin PBXFrameworksBuildPhase section */
		7167C5F51950198B00FD8F55 /* Frameworks */ = {
			isa = PBXFrameworksBuildPhase;
			buildActionMask = 2147483647;
			files = (
				7167C5FE1950198B00FD8F55 /* CoreGraphics.framework in Frameworks */,
				7167C6001950198B00FD8F55 /* UIKit.framework in Frameworks */,
				7167C5FC1950198B00FD8F55 /* Foundation.framework in Frameworks */,
			);
			runOnlyForDeploymentPostprocessing = 0;
		};
		7167C6161950198B00FD8F55 /* Frameworks */ = {
			isa = PBXFrameworksBuildPhase;
			buildActionMask = 2147483647;
			files = (
				7167C61B1950198B00FD8F55 /* XCTest.framework in Frameworks */,
				7167C61D1950198B00FD8F55 /* UIKit.framework in Frameworks */,
				7167C61C1950198B00FD8F55 /* Foundation.framework in Frameworks */,
			);
			runOnlyForDeploymentPostprocessing = 0;
		};
/* End PBXFrameworksBuildPhase section */

/* Begin PBXGroup section */
		7167C5EF1950198B00FD8F55 = {
			isa = PBXGroup;
			children = (
				7167C6011950198B00FD8F55 /* AnimationTest */,
				7167C6201950198B00FD8F55 /* AnimationTestTests */,
				7167C5FA1950198B00FD8F55 /* Frameworks */,
				7167C5F91950198B00FD8F55 /* Products */,
			);
			sourceTree = "<group>";
		};
		7167C5F91950198B00FD8F55 /* Products */ = {
			isa = PBXGroup;
			children = (
				7167C5F81950198B00FD8F55 /* AnimationTest.app */,
				7167C6191950198B00FD8F55 /* AnimationTestTests.xctest */,
			);
			name = Products;
			sourceTree = "<group>";
		};
		7167C5FA1950198B00FD8F55 /* Frameworks */ = {
			isa = PBXGroup;
			children = (
				7167C5FB1950198B00FD8F55 /* Foundation.framework */,
				7167C5FD1950198B00FD8F55 /* CoreGraphics.framework */,
				7167C5FF1950198B00FD8F55 /* UIKit.framework */,
				7167C61A1950198B00FD8F55 /* XCTest.framework */,
			);
			name = Frameworks;
			sourceTree = "<group>";
		};
		7167C6011950198B00FD8F55 /* AnimationTest */ = {
			isa = PBXGroup;
			children = (
				7167C60A1950198B00FD8F55 /* ATAppDelegate.h */,
				7167C60B1950198B00FD8F55 /* ATAppDelegate.m */,
				7167C60D1950198B00FD8F55 /* Main.storyboard */,
				7167C6101950198B00FD8F55 /* ATViewController.h */,
				7167C6111950198B00FD8F55 /* ATViewController.m */,
				7167C6131950198B00FD8F55 /* Images.xcassets */,
				7167C6021950198B00FD8F55 /* Supporting Files */,
			);
			path = AnimationTest;
			sourceTree = "<group>";
		};
		7167C6021950198B00FD8F55 /* Supporting Files */ = {
			isa = PBXGroup;
			children = (
				7167C6031950198B00FD8F55 /* AnimationTest-Info.plist */,
				7167C6041950198B00FD8F55 /* InfoPlist.strings */,
				7167C6071950198B00FD8F55 /* main.m */,
				7167C6091950198B00FD8F55 /* AnimationTest-Prefix.pch */,
			);
			name = "Supporting Files";
			sourceTree = "<group>";
		};
		7167C6201950198B00FD8F55 /* AnimationTestTests */ = {
			isa = PBXGroup;
			children = (
				7167C6261950198B00FD8F55 /* AnimationTestTests.m */,
				7167C6211950198B00FD8F55 /* Supporting Files */,
			);
			path = AnimationTestTests;
			sourceTree = "<group>";
		};
		7167C6211950198B00FD8F55 /* Supporting Files */ = {
			isa = PBXGroup;
			children = (
				7167C6221950198B00FD8F55 /* AnimationTestTests-Info.plist */,
				7167C6231950198B00FD8F55 /* InfoPlist.strings */,
			);
			name = "Supporting Files";
			sourceTree = "<group>";
		};
/* End PBXGroup section */

/* Begin PBXNativeTarget section */
		7167C5F71950198B00FD8F55 /* AnimationTest */ = {
			isa = PBXNativeTarget;
			buildConfigurationList = 7167C62A1950198B00FD8F55 /* Build configuration list for PBXNativeTarget "AnimationTest" */;
			buildPhases = (
				7167C5F41950198B00FD8F55 /* Sources */,
				7167C5F51950198B00FD8F55 /* Frameworks */,
				7167C5F61950198B00FD8F55 /* Resources */,
			);
			buildRules = (
			);
			dependencies = (
			);
			name = AnimationTest;
			productName = AnimationTest;
			productReference = 7167C5F81950198B00FD8F55 /* AnimationTest.app */;
			productType = "com.apple.product-type.application";
		};
		7167C6181950198B00FD8F55 /* AnimationTestTests */ = {
			isa = PBXNativeTarget;
			buildConfigurationList = 7167C62D1950198B00FD8F55 /* Build configuration list for PBXNativeTarget "AnimationTestTests" */;
			buildPhases = (
				7167C6151950198B00FD8F55 /* Sources */,
				7167C6161950198B00FD8F55 /* Frameworks */,
				7167C6171950198B00FD8F55 /* Resources */,
			);
			buildRules = (
			);
			dependencies = (
				7167C61F1950198B00FD8F55 /* PBXTargetDependency */,
			);
			name = AnimationTestTests;
			productName = AnimationTestTests;
			productReference = 7167C6191950198B00FD8F55 /* AnimationTestTests.xctest */;
			productType = "com.apple.product-type.bundle.unit-test";
		};
/* End PBXNativeTarget section */

/* Begin PBXProject section */
		7167C5F01950198B00FD8F55 /* Project object */ = {
			isa = PBXProject;
			attributes = {
				CLASSPREFIX = AT;
				LastUpgradeCheck = 0510;
				ORGANIZATIONNAME = DevMountain;
				TargetAttributes = {
					7167C6181950198B00FD8F55 = {
						TestTargetID = 7167C5F71950198B00FD8F55;
					};
				};
			};
			buildConfigurationList = 7167C5F31950198B00FD8F55 /* Build configuration list for PBXProject "AnimationTest" */;
			compatibilityVersion = "Xcode 3.2";
			developmentRegion = English;
			hasScannedForEncodings = 0;
			knownRegions = (
				en,
				Base,
			);
			mainGroup = 7167C5EF1950198B00FD8F55;
			productRefGroup = 7167C5F91950198B00FD8F55 /* Products */;
			projectDirPath = "";
			projectRoot = "";
			targets = (
				7167C5F71950198B00FD8F55 /* AnimationTest */,
				7167C6181950198B00FD8F55 /* AnimationTestTests */,
			);
		};
/* End PBXProject section */

/* Begin PBXResourcesBuildPhase section */
		7167C5F61950198B00FD8F55 /* Resources */ = {
			isa = PBXResourcesBuildPhase;
			buildActionMask = 2147483647;
			files = (
				7167C6141950198B00FD8F55 /* Images.xcassets in Resources */,
				7167C6061950198B00FD8F55 /* InfoPlist.strings in Resources */,
				7167C60F1950198B00FD8F55 /* Main.storyboard in Resources */,
			);
			runOnlyForDeploymentPostprocessing = 0;
		};
		7167C6171950198B00FD8F55 /* Resources */ = {
			isa = PBXResourcesBuildPhase;
			buildActionMask = 2147483647;
			files = (
				7167C6251950198B00FD8F55 /* InfoPlist.strings in Resources */,
			);
			runOnlyForDeploymentPostprocessing = 0;
		};
/* End PBXResourcesBuildPhase section */

/* Begin PBXSourcesBuildPhase section */
		7167C5F41950198B00FD8F55 /* Sources */ = {
			isa = PBXSourcesBuildPhase;
			buildActionMask = 2147483647;
			files = (
				7167C6081950198B00FD8F55 /* main.m in Sources */,
				7167C6121950198B00FD8F55 /* ATViewController.m in Sources */,
				7167C60C1950198B00FD8F55 /* ATAppDelegate.m in Sources */,
			);
			runOnlyForDeploymentPostprocessing = 0;
		};
		7167C6151950198B00FD8F55 /* Sources */ = {
			isa = PBXSourcesBuildPhase;
			buildActionMask = 2147483647;
			files = (
				7167C6271950198B00FD8F55 /* AnimationTestTests.m in Sources */,
			);
			runOnlyForDeploymentPostprocessing = 0;
		};
/* End PBXSourcesBuildPhase section */

/* Begin PBXTargetDependency section */
		7167C61F1950198B00FD8F55 /* PBXTargetDependency */ = {
			isa = PBXTargetDependency;
			target = 7167C5F71950198B00FD8F55 /* AnimationTest */;
			targetProxy = 7167C61E1950198B00FD8F55 /* PBXContainerItemProxy */;
		};
/* End PBXTargetDependency section */

/* Begin PBXVariantGroup section */
		7167C6041950198B00FD8F55 /* InfoPlist.strings */ = {
			isa = PBXVariantGroup;
			children = (
				7167C6051950198B00FD8F55 /* en */,
			);
			name = InfoPlist.strings;
			sourceTree = "<group>";
		};
		7167C60D1950198B00FD8F55 /* Main.storyboard */ = {
			isa = PBXVariantGroup;
			children = (
				7167C60E1950198B00FD8F55 /* Base */,
			);
			name = Main.storyboard;
			sourceTree = "<group>";
		};
		7167C6231950198B00FD8F55 /* InfoPlist.strings */ = {
			isa = PBXVariantGroup;
			children = (
				7167C6241950198B00FD8F55 /* en */,
			);
			name = InfoPlist.strings;
			sourceTree = "<group>";
		};
/* End PBXVariantGroup section */

/* Begin XCBuildConfiguration section */
		7167C6281950198B00FD8F55 /* Debug */ = {
			isa = XCBuildConfiguration;
			buildSettings = {
				ALWAYS_SEARCH_USER_PATHS = NO;
				CLANG_CXX_LANGUAGE_STANDARD = "gnu++0x";
				CLANG_CXX_LIBRARY = "libc++";
				CLANG_ENABLE_MODULES = YES;
				CLANG_ENABLE_OBJC_ARC = YES;
				CLANG_WARN_BOOL_CONVERSION = YES;
				CLANG_WARN_CONSTANT_CONVERSION = YES;
				CLANG_WARN_DIRECT_OBJC_ISA_USAGE = YES_ERROR;
				CLANG_WARN_EMPTY_BODY = YES;
				CLANG_WARN_ENUM_CONVERSION = YES;
				CLANG_WARN_INT_CONVERSION = YES;
				CLANG_WARN_OBJC_ROOT_CLASS = YES_ERROR;
				CLANG_WARN__DUPLICATE_METHOD_MATCH = YES;
				"CODE_SIGN_IDENTITY[sdk=iphoneos*]" = "iPhone Developer";
				COPY_PHASE_STRIP = NO;
				GCC_C_LANGUAGE_STANDARD = gnu99;
				GCC_DYNAMIC_NO_PIC = NO;
				GCC_OPTIMIZATION_LEVEL = 0;
				GCC_PREPROCESSOR_DEFINITIONS = (
					"DEBUG=1",
					"$(inherited)",
				);
				GCC_SYMBOLS_PRIVATE_EXTERN = NO;
				GCC_WARN_64_TO_32_BIT_CONVERSION = YES;
				GCC_WARN_ABOUT_RETURN_TYPE = YES_ERROR;
				GCC_WARN_UNDECLARED_SELECTOR = YES;
				GCC_WARN_UNINITIALIZED_AUTOS = YES_AGGRESSIVE;
				GCC_WARN_UNUSED_FUNCTION = YES;
				GCC_WARN_UNUSED_VARIABLE = YES;
				IPHONEOS_DEPLOYMENT_TARGET = 7.1;
				ONLY_ACTIVE_ARCH = YES;
				SDKROOT = iphoneos;
			};
			name = Debug;
		};
		7167C6291950198B00FD8F55 /* Release */ = {
			isa = XCBuildConfiguration;
			buildSettings = {
				ALWAYS_SEARCH_USER_PATHS = NO;
				CLANG_CXX_LANGUAGE_STANDARD = "gnu++0x";
				CLANG_CXX_LIBRARY = "libc++";
				CLANG_ENABLE_MODULES = YES;
				CLANG_ENABLE_OBJC_ARC = YES;
				CLANG_WARN_BOOL_CONVERSION = YES;
				CLANG_WARN_CONSTANT_CONVERSION = YES;
				CLANG_WARN_DIRECT_OBJC_ISA_USAGE = YES_ERROR;
				CLANG_WARN_EMPTY_BODY = YES;
				CLANG_WARN_ENUM_CONVERSION = YES;
				CLANG_WARN_INT_CONVERSION = YES;
				CLANG_WARN_OBJC_ROOT_CLASS = YES_ERROR;
				CLANG_WARN__DUPLICATE_METHOD_MATCH = YES;
				"CODE_SIGN_IDENTITY[sdk=iphoneos*]" = "iPhone Developer";
				COPY_PHASE_STRIP = YES;
				ENABLE_NS_ASSERTIONS = NO;
				GCC_C_LANGUAGE_STANDARD = gnu99;
				GCC_WARN_64_TO_32_BIT_CONVERSION = YES;
				GCC_WARN_ABOUT_RETURN_TYPE = YES_ERROR;
				GCC_WARN_UNDECLARED_SELECTOR = YES;
				GCC_WARN_UNINITIALIZED_AUTOS = YES_AGGRESSIVE;
				GCC_WARN_UNUSED_FUNCTION = YES;
				GCC_WARN_UNUSED_VARIABLE = YES;
				IPHONEOS_DEPLOYMENT_TARGET = 7.1;
				SDKROOT = iphoneos;
				VALIDATE_PRODUCT = YES;
			};
			name = Release;
		};
		7167C62B1950198B00FD8F55 /* Debug */ = {
			isa = XCBuildConfiguration;
			buildSettings = {
				ASSETCATALOG_COMPILER_APPICON_NAME = AppIcon;
				ASSETCATALOG_COMPILER_LAUNCHIMAGE_NAME = LaunchImage;
				GCC_PRECOMPILE_PREFIX_HEADER = YES;
				GCC_PREFIX_HEADER = "AnimationTest/AnimationTest-Prefix.pch";
				INFOPLIST_FILE = "AnimationTest/AnimationTest-Info.plist";
				PRODUCT_NAME = "$(TARGET_NAME)";
				WRAPPER_EXTENSION = app;
			};
			name = Debug;
		};
		7167C62C1950198B00FD8F55 /* Release */ = {
			isa = XCBuildConfiguration;
			buildSettings = {
				ASSETCATALOG_COMPILER_APPICON_NAME = AppIcon;
				ASSETCATALOG_COMPILER_LAUNCHIMAGE_NAME = LaunchImage;
				GCC_PRECOMPILE_PREFIX_HEADER = YES;
				GCC_PREFIX_HEADER = "AnimationTest/AnimationTest-Prefix.pch";
				INFOPLIST_FILE = "AnimationTest/AnimationTest-Info.plist";
				PRODUCT_NAME = "$(TARGET_NAME)";
				WRAPPER_EXTENSION = app;
			};
			name = Release;
		};
		7167C62E1950198B00FD8F55 /* Debug */ = {
			isa = XCBuildConfiguration;
			buildSettings = {
				BUNDLE_LOADER = "$(BUILT_PRODUCTS_DIR)/AnimationTest.app/AnimationTest";
				FRAMEWORK_SEARCH_PATHS = (
					"$(SDKROOT)/Developer/Library/Frameworks",
					"$(inherited)",
					"$(DEVELOPER_FRAMEWORKS_DIR)",
				);
				GCC_PRECOMPILE_PREFIX_HEADER = YES;
				GCC_PREFIX_HEADER = "AnimationTest/AnimationTest-Prefix.pch";
				GCC_PREPROCESSOR_DEFINITIONS = (
					"DEBUG=1",
					"$(inherited)",
				);
				INFOPLIST_FILE = "AnimationTestTests/AnimationTestTests-Info.plist";
				PRODUCT_NAME = "$(TARGET_NAME)";
				TEST_HOST = "$(BUNDLE_LOADER)";
				WRAPPER_EXTENSION = xctest;
			};
			name = Debug;
		};
		7167C62F1950198B00FD8F55 /* Release */ = {
			isa = XCBuildConfiguration;
			buildSettings = {
				BUNDLE_LOADER = "$(BUILT_PRODUCTS_DIR)/AnimationTest.app/AnimationTest";
				FRAMEWORK_SEARCH_PATHS = (
					"$(SDKROOT)/Developer/Library/Frameworks",
					"$(inherited)",
					"$(DEVELOPER_FRAMEWORKS_DIR)",
				);
				GCC_PRECOMPILE_PREFIX_HEADER = YES;
				GCC_PREFIX_HEADER = "AnimationTest/AnimationTest-Prefix.pch";
				INFOPLIST_FILE = "AnimationTestTests/AnimationTestTests-Info.plist";
				PRODUCT_NAME = "$(TARGET_NAME)";
				TEST_HOST = "$(BUNDLE_LOADER)";
				WRAPPER_EXTENSION = xctest;
			};
			name = Release;
		};
/* End XCBuildConfiguration section */

/* Begin XCConfigurationList section */
		7167C5F31950198B00FD8F55 /* Build configuration list for PBXProject "AnimationTest" */ = {
			isa = XCConfigurationList;
			buildConfigurations = (
				7167C6281950198B00FD8F55 /* Debug */,
				7167C6291950198B00FD8F55 /* Release */,
			);
			defaultConfigurationIsVisible = 0;
			defaultConfigurationName = Release;
		};
		7167C62A1950198B00FD8F55 /* Build configuration list for PBXNativeTarget "AnimationTest" */ = {
			isa = XCConfigurationList;
			buildConfigurations = (
				7167C62B1950198B00FD8F55 /* Debug */,
				7167C62C1950198B00FD8F55 /* Release */,
			);
			defaultConfigurationIsVisible = 0;
		};
		7167C62D1950198B00FD8F55 /* Build configuration list for PBXNativeTarget "AnimationTestTests" */ = {
			isa = XCConfigurationList;
			buildConfigurations = (
				7167C62E1950198B00FD8F55 /* Debug */,
				7167C62F1950198B00FD8F55 /* Release */,
			);
			defaultConfigurationIsVisible = 0;
		};
/* End XCConfigurationList section */
	};
	rootObject = 7167C5F01950198B00FD8F55 /* Project object */;
}
